
Microsoft Visual Studio Solution File, Format Version 12.00
# Visual Studio 15
VisualStudioVersion = 15.0.28307.705
MinimumVisualStudioVersion = 10.0.40219.1
Project("{888888A0-9F3D-457C-B088-3A5042F75D52}") = "Game Informer Scraper", "Game Informer Scraper\Game Informer Scraper.pyproj", "{092E72E6-3E61-4E0C-A76E-A046D443BD9E}"
EndProject
Global
	GlobalSection(SolutionConfigurationPlatforms) = preSolution
		Debug|Any CPU = Debug|Any CPU
		Release|Any CPU = Release|Any CPU
	EndGlobalSection
	GlobalSection(ProjectConfigurationPlatforms) = postSolution
		{092E72E6-3E61-4E0C-A76E-A046D443BD9E}.Debug|Any CPU.ActiveCfg = Debug|Any CPU
		{092E72E6-3E61-4E0C-A76E-A046D443BD9E}.Release|Any CPU.ActiveCfg = Release|Any CPU
	EndGlobalSection
	GlobalSection(SolutionProperties) = preSolution
		HideSolutionNode = FALSE
	EndGlobalSection
	GlobalSection(ExtensibilityGlobals) = postSolution
		SolutionGuid = {D484D536-10FA-4BB9-A6ED-1C71EC8E30E5}
	EndGlobalSection
EndGlobal
